
Microsoft Visual Studio Solution File, Format Version 12.00
# Visual Studio Version 16
VisualStudioVersion = 16.0.33130.400
MinimumVisualStudioVersion = 10.0.40219.1
Project("{FAE04EC0-301F-11D3-BF4B-00C04F79EFBC}") = "PracProject", "PracProject\PracProject.csproj", "{516F85FB-F599-4F0D-9B5A-A75A806D16F1}"
EndProject
Project("{FAE04EC0-301F-11D3-BF4B-00C04F79EFBC}") = "PracProject.Helper", "PracProject.Helper\PracProject.Helper.csproj", "{2668DFE7-6221-44C1-B936-63EA2E7D5D7F}"
EndProject
Project("{FAE04EC0-301F-11D3-BF4B-00C04F79EFBC}") = "PracProject.Model", "PracProject.Model\PracProject.Model.csproj", "{308B400F-5FB6-43FF-85EA-8FA46F5C7183}"
EndProject
Project("{FAE04EC0-301F-11D3-BF4B-00C04F79EFBC}") = "PracProject.Repository", "PracProject.Repository\PracProject.Repository.csproj", "{2CCAEFB6-DE4A-4676-84E8-D0E319F06297}"
EndProject
Project("{FAE04EC0-301F-11D3-BF4B-00C04F79EFBC}") = "PracProject.API", "PracProject.API\PracProject.API.csproj", "{EF850642-9B43-423A-8F80-CFBD61241692}"
EndProject
Global
	GlobalSection(SolutionConfigurationPlatforms) = preSolution
		Debug|Any CPU = Debug|Any CPU
		Release|Any CPU = Release|Any CPU
	EndGlobalSection
	GlobalSection(ProjectConfigurationPlatforms) = postSolution
		{516F85FB-F599-4F0D-9B5A-A75A806D16F1}.Debug|Any CPU.ActiveCfg = Debug|Any CPU
		{516F85FB-F599-4F0D-9B5A-A75A806D16F1}.Debug|Any CPU.Build.0 = Debug|Any CPU
		{516F85FB-F599-4F0D-9B5A-A75A806D16F1}.Release|Any CPU.ActiveCfg = Release|Any CPU
		{516F85FB-F599-4F0D-9B5A-A75A806D16F1}.Release|Any CPU.Build.0 = Release|Any CPU
		{2668DFE7-6221-44C1-B936-63EA2E7D5D7F}.Debug|Any CPU.ActiveCfg = Debug|Any CPU
		{2668DFE7-6221-44C1-B936-63EA2E7D5D7F}.Debug|Any CPU.Build.0 = Debug|Any CPU
		{2668DFE7-6221-44C1-B936-63EA2E7D5D7F}.Release|Any CPU.ActiveCfg = Release|Any CPU
		{2668DFE7-6221-44C1-B936-63EA2E7D5D7F}.Release|Any CPU.Build.0 = Release|Any CPU
		{308B400F-5FB6-43FF-85EA-8FA46F5C7183}.Debug|Any CPU.ActiveCfg = Debug|Any CPU
		{308B400F-5FB6-43FF-85EA-8FA46F5C7183}.Debug|Any CPU.Build.0 = Debug|Any CPU
		{308B400F-5FB6-43FF-85EA-8FA46F5C7183}.Release|Any CPU.ActiveCfg = Release|Any CPU
		{308B400F-5FB6-43FF-85EA-8FA46F5C7183}.Release|Any CPU.Build.0 = Release|Any CPU
		{2CCAEFB6-DE4A-4676-84E8-D0E319F06297}.Debug|Any CPU.ActiveCfg = Debug|Any CPU
		{2CCAEFB6-DE4A-4676-84E8-D0E319F06297}.Debug|Any CPU.Build.0 = Debug|Any CPU
		{2CCAEFB6-DE4A-4676-84E8-D0E319F06297}.Release|Any CPU.ActiveCfg = Release|Any CPU
		{2CCAEFB6-DE4A-4676-84E8-D0E319F06297}.Release|Any CPU.Build.0 = Release|Any CPU
		{EF850642-9B43-423A-8F80-CFBD61241692}.Debug|Any CPU.ActiveCfg = Debug|Any CPU
		{EF850642-9B43-423A-8F80-CFBD61241692}.Debug|Any CPU.Build.0 = Debug|Any CPU
		{EF850642-9B43-423A-8F80-CFBD61241692}.Release|Any CPU.ActiveCfg = Release|Any CPU
		{EF850642-9B43-423A-8F80-CFBD61241692}.Release|Any CPU.Build.0 = Release|Any CPU
	EndGlobalSection
	GlobalSection(SolutionProperties) = preSolution
		HideSolutionNode = FALSE
	EndGlobalSection
	GlobalSection(ExtensibilityGlobals) = postSolution
		SolutionGuid = {23B19F22-54B5-47A3-981C-1DA554B23214}
	EndGlobalSection
EndGlobal
